
Microsoft Visual Studio Solution File, Format Version 12.00
# Visual Studio 14
VisualStudioVersion = 14.0.25420.1
MinimumVisualStudioVersion = 10.0.40219.1
Project("{FAE04EC0-301F-11D3-BF4B-00C04F79EFBC}") = "cardGame", "cardGame\cardGame.csproj", "{453EFD16-A2EE-421E-A5ED-5FC1A2611C9F}"
EndProject
Global
	GlobalSection(SolutionConfigurationPlatforms) = preSolution
		Debug|Any CPU = Debug|Any CPU
		Release|Any CPU = Release|Any CPU
	EndGlobalSection
	GlobalSection(ProjectConfigurationPlatforms) = postSolution
		{453EFD16-A2EE-421E-A5ED-5FC1A2611C9F}.Debug|Any CPU.ActiveCfg = Debug|Any CPU
		{453EFD16-A2EE-421E-A5ED-5FC1A2611C9F}.Debug|Any CPU.Build.0 = Debug|Any CPU
		{453EFD16-A2EE-421E-A5ED-5FC1A2611C9F}.Release|Any CPU.ActiveCfg = Release|Any CPU
		{453EFD16-A2EE-421E-A5ED-5FC1A2611C9F}.Release|Any CPU.Build.0 = Release|Any CPU
	EndGlobalSection
	GlobalSection(SolutionProperties) = preSolution
		HideSolutionNode = FALSE
	EndGlobalSection
EndGlobal
